
Microsoft Visual Studio Solution File, Format Version 12.00
# Visual Studio Version 17
VisualStudioVersion = 17.7.34031.279
MinimumVisualStudioVersion = 10.0.40219.1
Project("{FAE04EC0-301F-11D3-BF4B-00C04F79EFBC}") = "NotesAPI", "NotesAPI.csproj", "{A0C52011-FF5E-4B17-8C3C-28EFE1DD9031}"
EndProject
Project("{FAE04EC0-301F-11D3-BF4B-00C04F79EFBC}") = "NotesAPI.IntegrationTests", "..\NotesAPI.IntegrationTests\NotesAPI.IntegrationTests.csproj", "{ED56EB91-CE65-4D9B-B41C-8C512014A051}"
EndProject
Project("{9A19103F-16F7-4668-BE54-9A1E7A4F7556}") = "NotesAPI.UnitTests", "..\NotesAPI.UnitTests\NotesAPI.UnitTests.csproj", "{5C9847FC-36F9-4EEB-9AE0-FE7862EFE0A1}"
EndProject
Global
	GlobalSection(SolutionConfigurationPlatforms) = preSolution
		Debug|Any CPU = Debug|Any CPU
		Release|Any CPU = Release|Any CPU
	EndGlobalSection
	GlobalSection(ProjectConfigurationPlatforms) = postSolution
		{A0C52011-FF5E-4B17-8C3C-28EFE1DD9031}.Debug|Any CPU.ActiveCfg = Debug|Any CPU
		{A0C52011-FF5E-4B17-8C3C-28EFE1DD9031}.Debug|Any CPU.Build.0 = Debug|Any CPU
		{A0C52011-FF5E-4B17-8C3C-28EFE1DD9031}.Release|Any CPU.ActiveCfg = Release|Any CPU
		{A0C52011-FF5E-4B17-8C3C-28EFE1DD9031}.Release|Any CPU.Build.0 = Release|Any CPU
		{ED56EB91-CE65-4D9B-B41C-8C512014A051}.Debug|Any CPU.ActiveCfg = Debug|Any CPU
		{ED56EB91-CE65-4D9B-B41C-8C512014A051}.Debug|Any CPU.Build.0 = Debug|Any CPU
		{ED56EB91-CE65-4D9B-B41C-8C512014A051}.Release|Any CPU.ActiveCfg = Release|Any CPU
		{ED56EB91-CE65-4D9B-B41C-8C512014A051}.Release|Any CPU.Build.0 = Release|Any CPU
		{5C9847FC-36F9-4EEB-9AE0-FE7862EFE0A1}.Debug|Any CPU.ActiveCfg = Debug|Any CPU
		{5C9847FC-36F9-4EEB-9AE0-FE7862EFE0A1}.Debug|Any CPU.Build.0 = Debug|Any CPU
		{5C9847FC-36F9-4EEB-9AE0-FE7862EFE0A1}.Release|Any CPU.ActiveCfg = Release|Any CPU
		{5C9847FC-36F9-4EEB-9AE0-FE7862EFE0A1}.Release|Any CPU.Build.0 = Release|Any CPU
	EndGlobalSection
	GlobalSection(SolutionProperties) = preSolution
		HideSolutionNode = FALSE
	EndGlobalSection
	GlobalSection(ExtensibilityGlobals) = postSolution
		SolutionGuid = {574BE629-791D-48E6-B9E1-9444FD058D1E}
	EndGlobalSection
EndGlobal
